
Microsoft Visual Studio Solution File, Format Version 12.00
# Visual Studio 15
VisualStudioVersion = 15.0.28307.960
MinimumVisualStudioVersion = 10.0.40219.1
Project("{FAE04EC0-301F-11D3-BF4B-00C04F79EFBC}") = "SpMedicalGroup_backend", "SpMedicalGroup_backend\SpMedicalGroup_backend.csproj", "{4E6552AF-3970-4A90-8754-666F41680784}"
EndProject
Global
	GlobalSection(SolutionConfigurationPlatforms) = preSolution
		Debug|Any CPU = Debug|Any CPU
		Release|Any CPU = Release|Any CPU
	EndGlobalSection
	GlobalSection(ProjectConfigurationPlatforms) = postSolution
		{4E6552AF-3970-4A90-8754-666F41680784}.Debug|Any CPU.ActiveCfg = Debug|Any CPU
		{4E6552AF-3970-4A90-8754-666F41680784}.Debug|Any CPU.Build.0 = Debug|Any CPU
		{4E6552AF-3970-4A90-8754-666F41680784}.Release|Any CPU.ActiveCfg = Release|Any CPU
		{4E6552AF-3970-4A90-8754-666F41680784}.Release|Any CPU.Build.0 = Release|Any CPU
	EndGlobalSection
	GlobalSection(SolutionProperties) = preSolution
		HideSolutionNode = FALSE
	EndGlobalSection
	GlobalSection(ExtensibilityGlobals) = postSolution
		SolutionGuid = {17E4D908-87AC-4155-BEFD-922D55431237}
	EndGlobalSection
EndGlobal
